{
  "name": "@karamem0/zenn-plugin-emoji-sample",
  "version": "0.0.0",
  "lockfileVersion": 3,
  "requires": true,
  "packages": {
    "": {
      "name": "@karamem0/zenn-plugin-emoji-sample",
      "version": "0.0.0",
      "dependencies": {
        "@karamem0/zenn-plugin-emoji": "file:..",
        "zenn-cli": "^0.2.1"
      }
    },
    "..": {
      "name": "@karamem0/zenn-plugin-emoji",
      "version": "0.0.0",
      "license": "MIT",
      "dependencies": {
        "@azure/identity": "^4.10.2",
        "commander": "^14.0.0",
        "dotenv": "^17.2.0",
        "glob": "^11.0.3",
        "openai": "^5.10.1"
      },
      "bin": {
        "zenn-emoji": "dist/index.js"
      },
      "devDependencies": {
        "@babel/cli": "^7.28.0",
        "@babel/preset-typescript": "^7.27.1",
        "@eslint/js": "^9.31.0",
        "@stylistic/eslint-plugin": "^5.2.0",
        "@types/node": "^24.0.14",
        "babel-loader": "^10.0.0",
        "copy-webpack-plugin": "^13.0.0",
        "eslint": "^9.31.0",
        "globals": "^16.3.0",
        "typescript": "^5.8.3",
        "typescript-eslint": "^8.37.0",
        "webpack": "^5.100.2",
        "webpack-cli": "^6.0.1",
        "webpack-node-externals": "^3.0.0"
      }
    },
    "node_modules/@karamem0/zenn-plugin-emoji": {
      "resolved": "..",
      "link": true
    },
    "node_modules/zenn-cli": {
      "version": "0.2.1",
      "resolved": "https://registry.npmjs.org/zenn-cli/-/zenn-cli-0.2.1.tgz",
      "integrity": "sha512-8ipbiIHOGIK1Gp1ifNi4rKY3+YohcXCrQCuz6w78OQ532WoU2xMiV0hFWRR/obmuPYwbiGWd/Xt/A4tYCaOHTA==",
      "license": "MIT",
      "bin": {
        "zenn": "dist/server/zenn.js"
      },
      "engines": {
        "node": ">=14.0.0"
      }
    }
  }
}
