{
  "name": "@karamem0/zenn-plugin-emoji-sample",
  "version": "0.0.0",
  "lockfileVersion": 3,
  "requires": true,
  "packages": {
    "": {
      "name": "@karamem0/zenn-plugin-emoji-sample",
      "version": "0.0.0",
      "dependencies": {
        "@karamem0/zenn-plugin-emoji": "file:../",
        "zenn-cli": "^0.1.158"
      }
    },
    "..": {
      "name": "@karamem0/zenn-plugin-emoji",
      "version": "0.0.0",
      "license": "MIT",
      "dependencies": {
        "@azure/identity": "^4.6.0",
        "commander": "^13.1.0",
        "dotenv": "^16.4.7",
        "openai": "^4.80.1"
      },
      "bin": {
        "zenn-emoji": "dist/index.js"
      },
      "devDependencies": {
        "@babel/cli": "^7.26.4",
        "@babel/preset-typescript": "^7.26.0",
        "@eslint/js": "^9.19.0",
        "@stylistic/eslint-plugin": "^3.0.0",
        "babel-preset-minify": "^0.5.2",
        "eslint": "^9.19.0",
        "globals": "^15.14.0",
        "typescript": "^5.7.3",
        "typescript-eslint": "^8.22.0"
      }
    },
    "node_modules/@karamem0/zenn-plugin-emoji": {
      "resolved": "..",
      "link": true
    },
    "node_modules/zenn-cli": {
      "version": "0.1.158",
      "resolved": "https://registry.npmjs.org/zenn-cli/-/zenn-cli-0.1.158.tgz",
      "integrity": "sha512-bvQ96fK+9qw+SKxEmncg/rYU+1u0V6Bh+HuV8By+u4L+VZt/jn9hFyL+KWj/2ncSBDtcEBo6XLsCdNLxlUo+RA==",
      "license": "MIT",
      "bin": {
        "zenn": "dist/server/zenn.js"
      },
      "engines": {
        "node": ">=14.0.0"
      }
    }
  }
}
