{
  "name": "@karamem0/zenn-plugin-emoji-sample",
  "version": "0.0.0",
  "lockfileVersion": 3,
  "requires": true,
  "packages": {
    "": {
      "name": "@karamem0/zenn-plugin-emoji-sample",
      "version": "0.0.0",
      "dependencies": {
        "@karamem0/zenn-plugin-emoji": "file:../package",
        "zenn-cli": "^0.1.155"
      }
    },
    "../package": {
      "version": "0.0.0",
      "license": "MIT",
      "dependencies": {
        "@azure/identity": "^4.4.1",
        "commander": "^12.1.0",
        "dotenv": "^16.4.5",
        "openai": "^4.57.0"
      },
      "bin": {
        "zenn-emoji": "dist/index.js"
      },
      "devDependencies": {
        "@babel/cli": "^7.25.6",
        "@babel/preset-typescript": "^7.24.7",
        "@eslint/js": "^9.9.1",
        "@stylistic/eslint-plugin": "^2.7.2",
        "babel-preset-minify": "^0.5.2",
        "eslint": "^9.9.1",
        "globals": "^15.9.0",
        "typescript": "^5.5.4",
        "typescript-eslint": "^8.3.0"
      }
    },
    "node_modules/@karamem0/zenn-plugin-emoji": {
      "resolved": "../package",
      "link": true
    },
    "node_modules/zenn-cli": {
      "version": "0.1.156",
      "resolved": "https://registry.npmjs.org/zenn-cli/-/zenn-cli-0.1.156.tgz",
      "integrity": "sha512-3BU4PCl3xKxKIa0gtXRQqI037eIbCuQQGpV/jpA5WO8v5SeC32hPftyPrlqiiJJx9ORjNUA6I5XcFmgdEyi8dQ==",
      "license": "MIT",
      "bin": {
        "zenn": "dist/server/zenn.js"
      },
      "engines": {
        "node": ">=14.0.0"
      }
    }
  }
}
