{
  "name": "@karamem0/zenn-plugin-emoji-sample",
  "version": "0.0.0",
  "lockfileVersion": 3,
  "requires": true,
  "packages": {
    "": {
      "name": "@karamem0/zenn-plugin-emoji-sample",
      "version": "0.0.0",
      "dependencies": {
        "@karamem0/zenn-plugin-emoji": "file:../package",
        "zenn-cli": "^0.1.157"
      }
    },
    "../package": {
      "name": "@karamem0/zenn-plugin-emoji",
      "version": "0.0.0",
      "license": "MIT",
      "dependencies": {
        "@azure/identity": "^4.4.1",
        "commander": "^12.1.0",
        "dotenv": "^16.4.5",
        "openai": "^4.67.1"
      },
      "bin": {
        "zenn-emoji": "dist/index.js"
      },
      "devDependencies": {
        "@babel/cli": "^7.25.7",
        "@babel/preset-typescript": "^7.25.7",
        "@eslint/js": "^9.11.1",
        "@stylistic/eslint-plugin": "^2.8.0",
        "babel-preset-minify": "^0.5.2",
        "eslint": "^9.11.1",
        "globals": "^15.10.0",
        "typescript": "^5.6.2",
        "typescript-eslint": "^8.8.0"
      }
    },
    "node_modules/@karamem0/zenn-plugin-emoji": {
      "resolved": "../package",
      "link": true
    },
    "node_modules/zenn-cli": {
      "version": "0.1.157",
      "resolved": "https://registry.npmjs.org/zenn-cli/-/zenn-cli-0.1.157.tgz",
      "integrity": "sha512-df1JPOwdf3r9dH3YvgiAzfPZllzSB140uXB3EaDtVvxGaDQ2pMsrqaHkhFM6TIAk5KkVX4afN3K4RUwL+S1gKw==",
      "license": "MIT",
      "bin": {
        "zenn": "dist/server/zenn.js"
      },
      "engines": {
        "node": ">=14.0.0"
      }
    }
  }
}
